{
  "name": "ssb-query",
  "version": "2.4.5",
  "lockfileVersion": 1,
  "requires": true,
  "dependencies": {
    "explain-error": {
      "version": "1.0.4",
      "resolved": "https://registry.npmjs.org/explain-error/-/explain-error-1.0.4.tgz",
      "integrity": "sha1-p5PTrAytTGq1cemWj7urbLJTKSk="
    },
    "flumeview-query": {
      "version": "6.1.4",
      "requires": {
        "flumeview-level": "^3.0.0",
        "map-filter-reduce": "^3.1.0",
        "pull-flatmap": "0.0.1",
        "pull-paramap": "^1.1.3",
        "pull-sink-through": "0.0.0",
        "pull-stream": "^3.4.0"
      },
      "dependencies": {
        "abstract-leveldown": {
          "version": "4.0.3",
          "bundled": true,
          "requires": {
            "xtend": "~4.0.0"
          }
        },
        "aligned-block-file": {
          "version": "1.1.3",
          "bundled": true,
          "requires": {
            "mkdirp": "^0.5.1",
            "obv": "0.0.0"
          }
        },
        "ansi-regex": {
          "version": "2.1.1",
          "bundled": true
        },
        "append-batch": {
          "version": "0.0.1",
          "bundled": true
        },
        "aproba": {
          "version": "1.2.0",
          "bundled": true
        },
        "are-we-there-yet": {
          "version": "1.1.5",
          "bundled": true,
          "requires": {
            "delegates": "^1.0.0",
            "readable-stream": "^2.0.6"
          }
        },
        "balanced-match": {
          "version": "1.0.0",
          "bundled": true
        },
        "binary-search": {
          "version": "1.3.3",
          "bundled": true
        },
        "bindings": {
          "version": "1.3.0",
          "bundled": true
        },
        "bl": {
          "version": "1.2.2",
          "bundled": true,
          "requires": {
            "readable-stream": "^2.3.5",
            "safe-buffer": "^5.1.1"
          }
        },
        "brace-expansion": {
          "version": "1.1.11",
          "bundled": true,
          "requires": {
            "balanced-match": "^1.0.0",
            "concat-map": "0.0.1"
          }
        },
        "buffer-alloc": {
          "version": "1.2.0",
          "bundled": true,
          "requires": {
            "buffer-alloc-unsafe": "^1.1.0",
            "buffer-fill": "^1.0.0"
          }
        },
        "buffer-alloc-unsafe": {
          "version": "1.1.0",
          "bundled": true
        },
        "buffer-fill": {
          "version": "1.0.0",
          "bundled": true
        },
        "charwise": {
          "version": "3.0.1",
          "bundled": true
        },
        "chownr": {
          "version": "1.0.1",
          "bundled": true
        },
        "code-point-at": {
          "version": "1.1.0",
          "bundled": true
        },
        "concat-map": {
          "version": "0.0.1",
          "bundled": true
        },
        "console-control-strings": {
          "version": "1.1.0",
          "bundled": true
        },
        "cont": {
          "version": "1.0.3",
          "bundled": true,
          "requires": {
            "continuable": "~1.2.0",
            "continuable-para": "~1.2.0",
            "continuable-series": "~1.2.0"
          }
        },
        "continuable": {
          "version": "1.2.0",
          "bundled": true
        },
        "continuable-hash": {
          "version": "0.1.4",
          "bundled": true,
          "requires": {
            "continuable": "~1.1.6"
          },
          "dependencies": {
            "continuable": {
              "version": "1.1.8",
              "bundled": true
            }
          }
        },
        "continuable-list": {
          "version": "0.1.6",
          "bundled": true,
          "requires": {
            "continuable": "~1.1.6"
          },
          "dependencies": {
            "continuable": {
              "version": "1.1.8",
              "bundled": true
            }
          }
        },
        "continuable-para": {
          "version": "1.2.0",
          "bundled": true,
          "requires": {
            "continuable-hash": "~0.1.4",
            "continuable-list": "~0.1.5"
          }
        },
        "continuable-series": {
          "version": "1.2.0",
          "bundled": true
        },
        "core-util-is": {
          "version": "1.0.2",
          "bundled": true
        },
        "decompress-response": {
          "version": "3.3.0",
          "bundled": true,
          "requires": {
            "mimic-response": "^1.0.0"
          }
        },
        "deep-equal": {
          "version": "1.0.1",
          "bundled": true
        },
        "deep-extend": {
          "version": "0.6.0",
          "bundled": true
        },
        "deferred-leveldown": {
          "version": "3.0.0",
          "bundled": true,
          "requires": {
            "abstract-leveldown": "~4.0.0"
          }
        },
        "define-properties": {
          "version": "1.1.2",
          "bundled": true
        },
        "defined": {
          "version": "1.0.0",
          "bundled": true
        },
        "delegates": {
          "version": "1.0.0",
          "bundled": true
        },
        "detect-libc": {
          "version": "1.0.3",
          "bundled": true
        },
        "encoding-down": {
          "version": "4.0.1",
          "bundled": true,
          "requires": {
            "abstract-leveldown": "^4.0.0",
            "level-codec": "^8.0.0",
            "level-errors": "^1.0.4",
            "xtend": "^4.0.1"
          },
          "dependencies": {
            "level-codec": {
              "version": "8.0.0",
              "bundled": true
            }
          }
        },
        "end-of-stream": {
          "version": "1.4.1",
          "bundled": true,
          "requires": {
            "once": "^1.4.0"
          }
        },
        "errno": {
          "version": "0.1.7",
          "bundled": true,
          "requires": {
            "prr": "~1.0.1"
          }
        },
        "es-abstract": {
          "version": "1.12.0",
          "bundled": true,
          "requires": {
            "es-to-primitive": "^1.1.1"
          }
        },
        "es-to-primitive": {
          "version": "1.1.1",
          "bundled": true
        },
        "expand-template": {
          "version": "1.1.1",
          "bundled": true
        },
        "explain-error": {
          "version": "1.0.4",
          "bundled": true
        },
        "fast-future": {
          "version": "1.0.2",
          "bundled": true
        },
        "flumedb": {
          "version": "0.4.8",
          "bundled": true,
          "requires": {
            "cont": "^1.0.3",
            "explain-error": "^1.0.3",
            "obv": "0.0.1",
            "pull-stream": "^3.5.0"
          },
          "dependencies": {
            "obv": {
              "version": "0.0.1",
              "bundled": true
            }
          }
        },
        "flumelog-memory": {
          "version": "0.1.3",
          "bundled": true,
          "requires": {
            "append-batch": "0.0.1",
            "mkdirp": "^0.5.1",
            "obv": "0.0.0",
            "pull-stream": "^3.5.0"
          }
        },
        "flumelog-offset": {
          "version": "3.3.1",
          "bundled": true,
          "requires": {
            "aligned-block-file": "^1.1.2",
            "append-batch": "^0.0.1",
            "explain-error": "^1.0.3",
            "looper": "^4.0.0",
            "ltgt": "^2.1.3",
            "obv": "0.0.1",
            "pull-cursor": "^3.0.0"
          },
          "dependencies": {
            "looper": {
              "version": "4.0.0",
              "bundled": true
            },
            "obv": {
              "version": "0.0.1",
              "bundled": true
            },
            "pull-cursor": {
              "version": "3.0.0",
              "bundled": true,
              "requires": {
                "looper": "^4.0.0",
                "ltgt": "^2.2.0",
                "pull-stream": "^3.6.0"
              }
            }
          }
        },
        "flumeview-level": {
          "version": "3.0.5",
          "bundled": true,
          "requires": {
            "charwise": "^3.0.1",
            "explain-error": "^1.0.4",
            "level": "^3.0.1",
            "ltgt": "^2.1.3",
            "mkdirp": "^0.5.1",
            "obv": "0.0.0",
            "pull-level": "^2.0.3",
            "pull-paramap": "^1.2.1",
            "pull-stream": "^3.5.0",
            "pull-write": "^1.1.1"
          }
        },
        "fs-constants": {
          "version": "1.0.0",
          "bundled": true
        },
        "gauge": {
          "version": "2.7.4",
          "bundled": true,
          "requires": {
            "aproba": "^1.0.3",
            "console-control-strings": "^1.0.0",
            "has-unicode": "^2.0.0",
            "object-assign": "^4.1.0",
            "signal-exit": "^3.0.0",
            "string-width": "^1.0.1",
            "strip-ansi": "^3.0.1",
            "wide-align": "^1.1.0"
          }
        },
        "github-from-package": {
          "version": "0.0.0",
          "bundled": true
        },
        "has-unicode": {
          "version": "2.0.1",
          "bundled": true
        },
        "inherits": {
          "version": "2.0.3",
          "bundled": true
        },
        "ini": {
          "version": "1.3.5",
          "bundled": true
        },
        "is-fullwidth-code-point": {
          "version": "1.0.0",
          "bundled": true,
          "requires": {
            "number-is-nan": "^1.0.0"
          }
        },
        "isarray": {
          "version": "1.0.0",
          "bundled": true
        },
        "level": {
          "version": "3.0.2",
          "bundled": true,
          "requires": {
            "level-packager": "^2.0.2",
            "leveldown": "^3.0.0",
            "opencollective-postinstall": "^2.0.0"
          }
        },
        "level-errors": {
          "version": "1.1.2",
          "bundled": true,
          "requires": {
            "errno": "~0.1.1"
          }
        },
        "level-iterator-stream": {
          "version": "2.0.1",
          "bundled": true,
          "requires": {
            "inherits": "^2.0.1",
            "readable-stream": "^2.0.5",
            "xtend": "^4.0.0"
          }
        },
        "level-packager": {
          "version": "2.1.1",
          "bundled": true,
          "requires": {
            "encoding-down": "~4.0.0",
            "levelup": "^2.0.0"
          }
        },
        "level-post": {
          "version": "1.0.7",
          "bundled": true,
          "requires": {
            "ltgt": "^2.1.2"
          }
        },
        "leveldown": {
          "version": "3.0.2",
          "bundled": true,
          "requires": {
            "abstract-leveldown": "~4.0.0",
            "bindings": "~1.3.0",
            "fast-future": "~1.0.2",
            "nan": "~2.10.0",
            "prebuild-install": "^4.0.0"
          }
        },
        "levelup": {
          "version": "2.0.2",
          "bundled": true,
          "requires": {
            "deferred-leveldown": "~3.0.0",
            "level-errors": "~1.1.0",
            "level-iterator-stream": "~2.0.0",
            "xtend": "~4.0.0"
          }
        },
        "looper": {
          "version": "2.0.0",
          "bundled": true
        },
        "ltgt": {
          "version": "2.2.1",
          "bundled": true
        },
        "map-filter-reduce": {
          "version": "3.1.0",
          "bundled": true,
          "requires": {
            "binary-search": "^1.2.0",
            "pull-sink-through": "0.0.0",
            "pull-stream": "^3.4.3",
            "typewiselite": "^1.0.0"
          }
        },
        "mimic-response": {
          "version": "1.0.0",
          "bundled": true
        },
        "minimist": {
          "version": "1.2.0",
          "bundled": true
        },
        "mkdirp": {
          "version": "0.5.1",
          "bundled": true,
          "requires": {
            "minimist": "0.0.8"
          },
          "dependencies": {
            "minimist": {
              "version": "0.0.8",
              "resolved": "https://registry.npmjs.org/minimist/-/minimist-0.0.8.tgz",
              "integrity": "sha1-hX/Kv8M5fSYluCKCYuhqp6ARsF0="
            }
          }
        },
        "nan": {
          "version": "2.10.0",
          "bundled": true
        },
        "node-abi": {
          "version": "2.4.1",
          "bundled": true,
          "requires": {
            "semver": "^5.4.1"
          }
        },
        "noop-logger": {
          "version": "0.1.1",
          "bundled": true
        },
        "npmlog": {
          "version": "4.1.2",
          "bundled": true,
          "requires": {
            "are-we-there-yet": "~1.1.2",
            "console-control-strings": "~1.1.0",
            "gauge": "~2.7.3",
            "set-blocking": "~2.0.0"
          }
        },
        "number-is-nan": {
          "version": "1.0.1",
          "bundled": true
        },
        "object-assign": {
          "version": "4.1.1",
          "bundled": true
        },
        "obv": {
          "version": "0.0.0",
          "bundled": true
        },
        "once": {
          "version": "1.4.0",
          "bundled": true,
          "requires": {
            "wrappy": "1"
          }
        },
        "opencollective-postinstall": {
          "version": "2.0.0",
          "bundled": true
        },
        "os-homedir": {
          "version": "1.0.2",
          "bundled": true
        },
        "prebuild-install": {
          "version": "4.0.0",
          "bundled": true,
          "requires": {
            "detect-libc": "^1.0.3",
            "expand-template": "^1.0.2",
            "github-from-package": "0.0.0",
            "minimist": "^1.2.0",
            "mkdirp": "^0.5.1",
            "node-abi": "^2.2.0",
            "noop-logger": "^0.1.1",
            "npmlog": "^4.0.1",
            "os-homedir": "^1.0.1",
            "pump": "^2.0.1",
            "rc": "^1.1.6",
            "simple-get": "^2.7.0",
            "tar-fs": "^1.13.0",
            "tunnel-agent": "^0.6.0",
            "which-pm-runs": "^1.0.0"
          }
        },
        "process-nextick-args": {
          "version": "2.0.0",
          "bundled": true
        },
        "prr": {
          "version": "1.0.1",
          "bundled": true
        },
        "pull-cat": {
          "version": "1.1.11",
          "bundled": true
        },
        "pull-flatmap": {
          "version": "0.0.1",
          "bundled": true
        },
        "pull-level": {
          "version": "2.0.4",
          "bundled": true,
          "requires": {
            "level-post": "^1.0.7",
            "pull-cat": "^1.1.9",
            "pull-live": "^1.0.1",
            "pull-pushable": "^2.0.0",
            "pull-stream": "^3.4.0",
            "pull-window": "^2.1.4",
            "stream-to-pull-stream": "^1.7.1"
          }
        },
        "pull-live": {
          "version": "1.0.1",
          "bundled": true,
          "requires": {
            "pull-cat": "^1.1.9",
            "pull-stream": "^3.4.0"
          }
        },
        "pull-paramap": {
          "version": "1.2.2",
          "bundled": true,
          "requires": {
            "looper": "^4.0.0"
          },
          "dependencies": {
            "looper": {
              "version": "4.0.0",
              "resolved": "https://registry.npmjs.org/looper/-/looper-4.0.0.tgz",
              "integrity": "sha1-dwat7VmpntygbmtUu4bI7BnJUVU="
            }
          }
        },
        "pull-pushable": {
          "version": "2.2.0",
          "bundled": true
        },
        "pull-sink-through": {
          "version": "0.0.0",
          "bundled": true
        },
        "pull-stream": {
          "version": "3.6.8",
          "bundled": true
        },
        "pull-window": {
          "version": "2.1.4",
          "bundled": true,
          "requires": {
            "looper": "^2.0.0"
          }
        },
        "pull-write": {
          "version": "1.1.4",
          "bundled": true,
          "requires": {
            "looper": "^4.0.0",
            "pull-cat": "^1.1.11",
            "pull-stream": "^3.4.5"
          },
          "dependencies": {
            "looper": {
              "version": "4.0.0",
              "resolved": "https://registry.npmjs.org/looper/-/looper-4.0.0.tgz",
              "integrity": "sha1-dwat7VmpntygbmtUu4bI7BnJUVU="
            }
          }
        },
        "pump": {
          "version": "2.0.1",
          "bundled": true,
          "requires": {
            "end-of-stream": "^1.1.0",
            "once": "^1.3.1"
          }
        },
        "rc": {
          "version": "1.2.8",
          "bundled": true,
          "requires": {
            "deep-extend": "^0.6.0",
            "ini": "~1.3.0",
            "minimist": "^1.2.0",
            "strip-json-comments": "~2.0.1"
          }
        },
        "readable-stream": {
          "version": "2.3.6",
          "bundled": true,
          "requires": {
            "core-util-is": "~1.0.0",
            "inherits": "~2.0.3",
            "isarray": "~1.0.0",
            "process-nextick-args": "~2.0.0",
            "safe-buffer": "~5.1.1",
            "string_decoder": "~1.1.1",
            "util-deprecate": "~1.0.1"
          }
        },
        "safe-buffer": {
          "version": "5.1.2",
          "bundled": true
        },
        "semver": {
          "version": "5.5.0",
          "bundled": true
        },
        "set-blocking": {
          "version": "2.0.0",
          "bundled": true
        },
        "signal-exit": {
          "version": "3.0.2",
          "bundled": true
        },
        "simple-concat": {
          "version": "1.0.0",
          "bundled": true
        },
        "simple-get": {
          "version": "2.8.1",
          "bundled": true,
          "requires": {
            "decompress-response": "^3.3.0",
            "once": "^1.3.1",
            "simple-concat": "^1.0.0"
          }
        },
        "stream-to-pull-stream": {
          "version": "1.7.2",
          "bundled": true,
          "requires": {
            "looper": "^3.0.0",
            "pull-stream": "^3.2.3"
          },
          "dependencies": {
            "looper": {
              "version": "3.0.0",
              "resolved": "https://registry.npmjs.org/looper/-/looper-3.0.0.tgz",
              "integrity": "sha1-LvpUw7HLq6m5Su4uWRSwvlf7t0k="
            }
          }
        },
        "string-width": {
          "version": "1.0.2",
          "bundled": true,
          "requires": {
            "code-point-at": "^1.0.0",
            "is-fullwidth-code-point": "^1.0.0",
            "strip-ansi": "^3.0.0"
          }
        },
        "string_decoder": {
          "version": "1.1.1",
          "bundled": true,
          "requires": {
            "safe-buffer": "~5.1.0"
          }
        },
        "strip-ansi": {
          "version": "3.0.1",
          "bundled": true,
          "requires": {
            "ansi-regex": "^2.0.0"
          }
        },
        "strip-json-comments": {
          "version": "2.0.1",
          "bundled": true
        },
        "tar-fs": {
          "version": "1.16.2",
          "bundled": true,
          "requires": {
            "chownr": "^1.0.1",
            "mkdirp": "^0.5.1",
            "pump": "^1.0.0",
            "tar-stream": "^1.1.2"
          },
          "dependencies": {
            "pump": {
              "version": "1.0.3",
              "resolved": "https://registry.npmjs.org/pump/-/pump-1.0.3.tgz",
              "integrity": "sha512-8k0JupWme55+9tCVE+FS5ULT3K6AbgqrGa58lTT49RpyfwwcGedHqaC5LlQNdEAumn/wFsu6aPwkuPMioy8kqw==",
              "requires": {
                "end-of-stream": "^1.1.0",
                "once": "^1.3.1"
              }
            }
          }
        },
        "tar-stream": {
          "version": "1.6.1",
          "bundled": true,
          "requires": {
            "bl": "^1.0.0",
            "buffer-alloc": "^1.1.0",
            "end-of-stream": "^1.0.0",
            "fs-constants": "^1.0.0",
            "readable-stream": "^2.3.0",
            "to-buffer": "^1.1.0",
            "xtend": "^4.0.0"
          }
        },
        "to-buffer": {
          "version": "1.1.1",
          "bundled": true
        },
        "tunnel-agent": {
          "version": "0.6.0",
          "bundled": true,
          "requires": {
            "safe-buffer": "^5.0.1"
          }
        },
        "typewiselite": {
          "version": "1.0.0",
          "bundled": true
        },
        "util-deprecate": {
          "version": "1.0.2",
          "bundled": true
        },
        "which-pm-runs": {
          "version": "1.0.0",
          "bundled": true
        },
        "wide-align": {
          "version": "1.1.3",
          "bundled": true,
          "requires": {
            "string-width": "^1.0.2 || 2"
          }
        },
        "wrappy": {
          "version": "1.0.2",
          "bundled": true
        },
        "xtend": {
          "version": "4.0.1",
          "bundled": true
        }
      }
    },
    "pull-stream": {
      "version": "3.6.8",
      "resolved": "https://registry.npmjs.org/pull-stream/-/pull-stream-3.6.8.tgz",
      "integrity": "sha512-wQUIptQBcM0rFsUhZoEpOT3vUn73DtTGVq3NQ86c4T7iMOSprDzeKWYq2ksXnbwiuExTKvt+8G9fzNLFQuiO+A=="
    }
  }
}
